
Microsoft Visual Studio Solution File, Format Version 12.00
# Visual Studio Version 17
VisualStudioVersion = 17.3.32929.385
MinimumVisualStudioVersion = 10.0.40219.1
Project("{FAE04EC0-301F-11D3-BF4B-00C04F79EFBC}") = "AngularAuthAPI", "AngularAuthAPI\AngularAuthAPI.csproj", "{62B6B4CB-194E-422A-956F-90AA25DE09C6}"
EndProject
Global
	GlobalSection(SolutionConfigurationPlatforms) = preSolution
		Debug|Any CPU = Debug|Any CPU
		Release|Any CPU = Release|Any CPU
	EndGlobalSection
	GlobalSection(ProjectConfigurationPlatforms) = postSolution
		{62B6B4CB-194E-422A-956F-90AA25DE09C6}.Debug|Any CPU.ActiveCfg = Debug|Any CPU
		{62B6B4CB-194E-422A-956F-90AA25DE09C6}.Debug|Any CPU.Build.0 = Debug|Any CPU
		{62B6B4CB-194E-422A-956F-90AA25DE09C6}.Release|Any CPU.ActiveCfg = Release|Any CPU
		{62B6B4CB-194E-422A-956F-90AA25DE09C6}.Release|Any CPU.Build.0 = Release|Any CPU
	EndGlobalSection
	GlobalSection(SolutionProperties) = preSolution
		HideSolutionNode = FALSE
	EndGlobalSection
	GlobalSection(ExtensibilityGlobals) = postSolution
		SolutionGuid = {09DE5A90-3693-4756-9358-6DC2081C7E84}
	EndGlobalSection
EndGlobal
